
Microsoft Visual Studio Solution File, Format Version 12.00
# Visual Studio Version 17
VisualStudioVersion = 17.0.31903.59
MinimumVisualStudioVersion = 10.0.40219.1
Project("{FAE04EC0-301F-11D3-BF4B-00C04F79EFBC}") = "API", "API\API.csproj", "{E666B96E-CB44-4555-A76B-54CFCA81880E}"
EndProject
Project("{FAE04EC0-301F-11D3-BF4B-00C04F79EFBC}") = "Application", "Application\Application.csproj", "{D3CAE621-33FE-4081-B7E5-087B31E69873}"
EndProject
Project("{FAE04EC0-301F-11D3-BF4B-00C04F79EFBC}") = "Domain", "Domain\Domain.csproj", "{841D1827-B75D-481E-8EF3-E37F7909C5A7}"
EndProject
Project("{FAE04EC0-301F-11D3-BF4B-00C04F79EFBC}") = "Infrastructure", "Infrastructure\Infrastructure.csproj", "{387C10D9-9C5B-4B8A-902D-07F424D26074}"
EndProject
Project("{FAE04EC0-301F-11D3-BF4B-00C04F79EFBC}") = "Persistence", "Persistence\Persistence.csproj", "{78DA7F7D-0367-4402-BD50-B829C94C4CC3}"
EndProject
Project("{FAE04EC0-301F-11D3-BF4B-00C04F79EFBC}") = "IntegrationTests", "IntegrationTests\IntegrationTests.csproj", "{189DF42F-6B6E-4B2A-B25C-B223C81CDF1E}"
EndProject
Global
	GlobalSection(SolutionConfigurationPlatforms) = preSolution
		Debug|Any CPU = Debug|Any CPU
		Release|Any CPU = Release|Any CPU
	EndGlobalSection
	GlobalSection(SolutionProperties) = preSolution
		HideSolutionNode = FALSE
	EndGlobalSection
	GlobalSection(ProjectConfigurationPlatforms) = postSolution
		{E666B96E-CB44-4555-A76B-54CFCA81880E}.Debug|Any CPU.ActiveCfg = Debug|Any CPU
		{E666B96E-CB44-4555-A76B-54CFCA81880E}.Debug|Any CPU.Build.0 = Debug|Any CPU
		{E666B96E-CB44-4555-A76B-54CFCA81880E}.Release|Any CPU.ActiveCfg = Release|Any CPU
		{E666B96E-CB44-4555-A76B-54CFCA81880E}.Release|Any CPU.Build.0 = Release|Any CPU
		{D3CAE621-33FE-4081-B7E5-087B31E69873}.Debug|Any CPU.ActiveCfg = Debug|Any CPU
		{D3CAE621-33FE-4081-B7E5-087B31E69873}.Debug|Any CPU.Build.0 = Debug|Any CPU
		{D3CAE621-33FE-4081-B7E5-087B31E69873}.Release|Any CPU.ActiveCfg = Release|Any CPU
		{D3CAE621-33FE-4081-B7E5-087B31E69873}.Release|Any CPU.Build.0 = Release|Any CPU
		{841D1827-B75D-481E-8EF3-E37F7909C5A7}.Debug|Any CPU.ActiveCfg = Debug|Any CPU
		{841D1827-B75D-481E-8EF3-E37F7909C5A7}.Debug|Any CPU.Build.0 = Debug|Any CPU
		{841D1827-B75D-481E-8EF3-E37F7909C5A7}.Release|Any CPU.ActiveCfg = Release|Any CPU
		{841D1827-B75D-481E-8EF3-E37F7909C5A7}.Release|Any CPU.Build.0 = Release|Any CPU
		{387C10D9-9C5B-4B8A-902D-07F424D26074}.Debug|Any CPU.ActiveCfg = Debug|Any CPU
		{387C10D9-9C5B-4B8A-902D-07F424D26074}.Debug|Any CPU.Build.0 = Debug|Any CPU
		{387C10D9-9C5B-4B8A-902D-07F424D26074}.Release|Any CPU.ActiveCfg = Release|Any CPU
		{387C10D9-9C5B-4B8A-902D-07F424D26074}.Release|Any CPU.Build.0 = Release|Any CPU
		{78DA7F7D-0367-4402-BD50-B829C94C4CC3}.Debug|Any CPU.ActiveCfg = Debug|Any CPU
		{78DA7F7D-0367-4402-BD50-B829C94C4CC3}.Debug|Any CPU.Build.0 = Debug|Any CPU
		{78DA7F7D-0367-4402-BD50-B829C94C4CC3}.Release|Any CPU.ActiveCfg = Release|Any CPU
		{78DA7F7D-0367-4402-BD50-B829C94C4CC3}.Release|Any CPU.Build.0 = Release|Any CPU
		{189DF42F-6B6E-4B2A-B25C-B223C81CDF1E}.Debug|Any CPU.ActiveCfg = Debug|Any CPU
		{189DF42F-6B6E-4B2A-B25C-B223C81CDF1E}.Debug|Any CPU.Build.0 = Debug|Any CPU
		{189DF42F-6B6E-4B2A-B25C-B223C81CDF1E}.Release|Any CPU.ActiveCfg = Release|Any CPU
		{189DF42F-6B6E-4B2A-B25C-B223C81CDF1E}.Release|Any CPU.Build.0 = Release|Any CPU
	EndGlobalSection
EndGlobal
